// !$*UTF8*$!
{
	archiveVersion = 1;
	classes = {
	};
	objectVersion = 77;
	objects = {

/* Begin PBXBuildFile section */
		488ACDC52D2952160086AE8A /* FFL.txt in Resources */ = {isa = PBXBuildFile; fileRef = 488ACDC22D2952160086AE8A /* FFL.txt */; };
		488ACDC62D2952160086AE8A /* ClashDisplay-Variable.ttf in Resources */ = {isa = PBXBuildFile; fileRef = 488ACDBF2D2952160086AE8A /* ClashDisplay-Variable.ttf */; };
		488ACDFC2D2A9B8C0086AE8A /* Lottie in Frameworks */ = {isa = PBXBuildFile; productRef = 488ACDFB2D2A9B8C0086AE8A /* Lottie */; };
		48DC8A882D69D77700C017A4 /* DIContainer.swift in Sources */ = {isa = PBXBuildFile; fileRef = 48DC8A872D69D77100C017A4 /* DIContainer.swift */; };
/* End PBXBuildFile section */

/* Begin PBXContainerItemProxy section */
		4893C5BB2D288401002D8C10 /* PBXContainerItemProxy */ = {
			isa = PBXContainerItemProxy;
			containerPortal = 4893C5A02D2883FE002D8C10 /* Project object */;
			proxyType = 1;
			remoteGlobalIDString = 4893C5A72D2883FE002D8C10;
			remoteInfo = WhatIAmToDo;
		};
		4893C5C52D288401002D8C10 /* PBXContainerItemProxy */ = {
			isa = PBXContainerItemProxy;
			containerPortal = 4893C5A02D2883FE002D8C10 /* Project object */;
			proxyType = 1;
			remoteGlobalIDString = 4893C5A72D2883FE002D8C10;
			remoteInfo = WhatIAmToDo;
		};
/* End PBXContainerItemProxy section */

/* Begin PBXFileReference section */
		488ACDBF2D2952160086AE8A /* ClashDisplay-Variable.ttf */ = {isa = PBXFileReference; lastKnownFileType = file; path = "ClashDisplay-Variable.ttf"; sourceTree = "<group>"; };
		488ACDC22D2952160086AE8A /* FFL.txt */ = {isa = PBXFileReference; lastKnownFileType = text; path = FFL.txt; sourceTree = "<group>"; };
		4893C5A82D2883FE002D8C10 /* WhatIAmToDo.app */ = {isa = PBXFileReference; explicitFileType = wrapper.application; includeInIndex = 0; path = WhatIAmToDo.app; sourceTree = BUILT_PRODUCTS_DIR; };
		4893C5BA2D288401002D8C10 /* WhatIAmToDoTests.xctest */ = {isa = PBXFileReference; explicitFileType = wrapper.cfbundle; includeInIndex = 0; path = WhatIAmToDoTests.xctest; sourceTree = BUILT_PRODUCTS_DIR; };
		4893C5C42D288401002D8C10 /* WhatIAmToDoUITests.xctest */ = {isa = PBXFileReference; explicitFileType = wrapper.cfbundle; includeInIndex = 0; path = WhatIAmToDoUITests.xctest; sourceTree = BUILT_PRODUCTS_DIR; };
		48DC8A872D69D77100C017A4 /* DIContainer.swift */ = {isa = PBXFileReference; lastKnownFileType = sourcecode.swift; path = DIContainer.swift; sourceTree = "<group>"; };
/* End PBXFileReference section */

/* Begin PBXFileSystemSynchronizedBuildFileExceptionSet section */
		488ACDCC2D2958C50086AE8A /* Exceptions for "WhatIAmToDo" folder in "WhatIAmToDo" target */ = {
			isa = PBXFileSystemSynchronizedBuildFileExceptionSet;
			membershipExceptions = (
				Info.plist,
			);
			target = 4893C5A72D2883FE002D8C10 /* WhatIAmToDo */;
		};
/* End PBXFileSystemSynchronizedBuildFileExceptionSet section */

/* Begin PBXFileSystemSynchronizedRootGroup section */
		4893C5AA2D2883FE002D8C10 /* WhatIAmToDo */ = {
			isa = PBXFileSystemSynchronizedRootGroup;
			exceptions = (
				488ACDCC2D2958C50086AE8A /* Exceptions for "WhatIAmToDo" folder in "WhatIAmToDo" target */,
			);
			path = WhatIAmToDo;
			sourceTree = "<group>";
		};
		4893C5BD2D288401002D8C10 /* WhatIAmToDoTests */ = {
			isa = PBXFileSystemSynchronizedRootGroup;
			path = WhatIAmToDoTests;
			sourceTree = "<group>";
		};
		4893C5C72D288401002D8C10 /* WhatIAmToDoUITests */ = {
			isa = PBXFileSystemSynchronizedRootGroup;
			path = WhatIAmToDoUITests;
			sourceTree = "<group>";
		};
/* End PBXFileSystemSynchronizedRootGroup section */

/* Begin PBXFrameworksBuildPhase section */
		4893C5A52D2883FE002D8C10 /* Frameworks */ = {
			isa = PBXFrameworksBuildPhase;
			buildActionMask = 2147483647;
			files = (
				488ACDFC2D2A9B8C0086AE8A /* Lottie in Frameworks */,
			);
			runOnlyForDeploymentPostprocessing = 0;
		};
		4893C5B72D288401002D8C10 /* Frameworks */ = {
			isa = PBXFrameworksBuildPhase;
			buildActionMask = 2147483647;
			files = (
			);
			runOnlyForDeploymentPostprocessing = 0;
		};
		4893C5C12D288401002D8C10 /* Frameworks */ = {
			isa = PBXFrameworksBuildPhase;
			buildActionMask = 2147483647;
			files = (
			);
			runOnlyForDeploymentPostprocessing = 0;
		};
/* End PBXFrameworksBuildPhase section */

/* Begin PBXGroup section */
		488ACDC02D2952160086AE8A /* TTF */ = {
			isa = PBXGroup;
			children = (
				488ACDBF2D2952160086AE8A /* ClashDisplay-Variable.ttf */,
			);
			path = TTF;
			sourceTree = "<group>";
		};
		488ACDC12D2952160086AE8A /* Fonts */ = {
			isa = PBXGroup;
			children = (
				488ACDC02D2952160086AE8A /* TTF */,
			);
			path = Fonts;
			sourceTree = "<group>";
		};
		488ACDC32D2952160086AE8A /* License */ = {
			isa = PBXGroup;
			children = (
				488ACDC22D2952160086AE8A /* FFL.txt */,
			);
			path = License;
			sourceTree = "<group>";
		};
		488ACDC42D2952160086AE8A /* ClashDisplay_Complete */ = {
			isa = PBXGroup;
			children = (
				488ACDC12D2952160086AE8A /* Fonts */,
				488ACDC32D2952160086AE8A /* License */,
			);
			path = ClashDisplay_Complete;
			sourceTree = "<group>";
		};
		4893C59F2D2883FE002D8C10 = {
			isa = PBXGroup;
			children = (
				48DC8A872D69D77100C017A4 /* DIContainer.swift */,
				4893C5AA2D2883FE002D8C10 /* WhatIAmToDo */,
				4893C5BD2D288401002D8C10 /* WhatIAmToDoTests */,
				4893C5C72D288401002D8C10 /* WhatIAmToDoUITests */,
				4893C5A92D2883FE002D8C10 /* Products */,
				488ACDC42D2952160086AE8A /* ClashDisplay_Complete */,
			);
			sourceTree = "<group>";
		};
		4893C5A92D2883FE002D8C10 /* Products */ = {
			isa = PBXGroup;
			children = (
				4893C5A82D2883FE002D8C10 /* WhatIAmToDo.app */,
				4893C5BA2D288401002D8C10 /* WhatIAmToDoTests.xctest */,
				4893C5C42D288401002D8C10 /* WhatIAmToDoUITests.xctest */,
			);
			name = Products;
			sourceTree = "<group>";
		};
/* End PBXGroup section */

/* Begin PBXNativeTarget section */
		4893C5A72D2883FE002D8C10 /* WhatIAmToDo */ = {
			isa = PBXNativeTarget;
			buildConfigurationList = 4893C5CE2D288401002D8C10 /* Build configuration list for PBXNativeTarget "WhatIAmToDo" */;
			buildPhases = (
				4893C5A42D2883FE002D8C10 /* Sources */,
				4893C5A52D2883FE002D8C10 /* Frameworks */,
				4893C5A62D2883FE002D8C10 /* Resources */,
			);
			buildRules = (
			);
			dependencies = (
			);
			fileSystemSynchronizedGroups = (
				4893C5AA2D2883FE002D8C10 /* WhatIAmToDo */,
			);
			name = WhatIAmToDo;
			packageProductDependencies = (
				488ACDFB2D2A9B8C0086AE8A /* Lottie */,
			);
			productName = WhatIAmToDo;
			productReference = 4893C5A82D2883FE002D8C10 /* WhatIAmToDo.app */;
			productType = "com.apple.product-type.application";
		};
		4893C5B92D288401002D8C10 /* WhatIAmToDoTests */ = {
			isa = PBXNativeTarget;
			buildConfigurationList = 4893C5D12D288401002D8C10 /* Build configuration list for PBXNativeTarget "WhatIAmToDoTests" */;
			buildPhases = (
				4893C5B62D288401002D8C10 /* Sources */,
				4893C5B72D288401002D8C10 /* Frameworks */,
				4893C5B82D288401002D8C10 /* Resources */,
			);
			buildRules = (
			);
			dependencies = (
				4893C5BC2D288401002D8C10 /* PBXTargetDependency */,
			);
			fileSystemSynchronizedGroups = (
				4893C5BD2D288401002D8C10 /* WhatIAmToDoTests */,
			);
			name = WhatIAmToDoTests;
			packageProductDependencies = (
			);
			productName = WhatIAmToDoTests;
			productReference = 4893C5BA2D288401002D8C10 /* WhatIAmToDoTests.xctest */;
			productType = "com.apple.product-type.bundle.unit-test";
		};
		4893C5C32D288401002D8C10 /* WhatIAmToDoUITests */ = {
			isa = PBXNativeTarget;
			buildConfigurationList = 4893C5D42D288401002D8C10 /* Build configuration list for PBXNativeTarget "WhatIAmToDoUITests" */;
			buildPhases = (
				4893C5C02D288401002D8C10 /* Sources */,
				4893C5C12D288401002D8C10 /* Frameworks */,
				4893C5C22D288401002D8C10 /* Resources */,
			);
			buildRules = (
			);
			dependencies = (
				4893C5C62D288401002D8C10 /* PBXTargetDependency */,
			);
			fileSystemSynchronizedGroups = (
				4893C5C72D288401002D8C10 /* WhatIAmToDoUITests */,
			);
			name = WhatIAmToDoUITests;
			packageProductDependencies = (
			);
			productName = WhatIAmToDoUITests;
			productReference = 4893C5C42D288401002D8C10 /* WhatIAmToDoUITests.xctest */;
			productType = "com.apple.product-type.bundle.ui-testing";
		};
/* End PBXNativeTarget section */

/* Begin PBXProject section */
		4893C5A02D2883FE002D8C10 /* Project object */ = {
			isa = PBXProject;
			attributes = {
				BuildIndependentTargetsInParallel = 1;
				LastSwiftUpdateCheck = 1610;
				LastUpgradeCheck = 1610;
				TargetAttributes = {
					4893C5A72D2883FE002D8C10 = {
						CreatedOnToolsVersion = 16.1;
					};
					4893C5B92D288401002D8C10 = {
						CreatedOnToolsVersion = 16.1;
						TestTargetID = 4893C5A72D2883FE002D8C10;
					};
					4893C5C32D288401002D8C10 = {
						CreatedOnToolsVersion = 16.1;
						TestTargetID = 4893C5A72D2883FE002D8C10;
					};
				};
			};
			buildConfigurationList = 4893C5A32D2883FE002D8C10 /* Build configuration list for PBXProject "WhatIAmToDo" */;
			developmentRegion = en;
			hasScannedForEncodings = 0;
			knownRegions = (
				en,
				Base,
				ru,
			);
			mainGroup = 4893C59F2D2883FE002D8C10;
			minimizedProjectReferenceProxies = 1;
			packageReferences = (
				488ACDFA2D2A9B8C0086AE8A /* XCRemoteSwiftPackageReference "lottie-spm" */,
			);
			preferredProjectObjectVersion = 77;
			productRefGroup = 4893C5A92D2883FE002D8C10 /* Products */;
			projectDirPath = "";
			projectRoot = "";
			targets = (
				4893C5A72D2883FE002D8C10 /* WhatIAmToDo */,
				4893C5B92D288401002D8C10 /* WhatIAmToDoTests */,
				4893C5C32D288401002D8C10 /* WhatIAmToDoUITests */,
			);
		};
/* End PBXProject section */

/* Begin PBXResourcesBuildPhase section */
		4893C5A62D2883FE002D8C10 /* Resources */ = {
			isa = PBXResourcesBuildPhase;
			buildActionMask = 2147483647;
			files = (
				488ACDC52D2952160086AE8A /* FFL.txt in Resources */,
				488ACDC62D2952160086AE8A /* ClashDisplay-Variable.ttf in Resources */,
			);
			runOnlyForDeploymentPostprocessing = 0;
		};
		4893C5B82D288401002D8C10 /* Resources */ = {
			isa = PBXResourcesBuildPhase;
			buildActionMask = 2147483647;
			files = (
			);
			runOnlyForDeploymentPostprocessing = 0;
		};
		4893C5C22D288401002D8C10 /* Resources */ = {
			isa = PBXResourcesBuildPhase;
			buildActionMask = 2147483647;
			files = (
			);
			runOnlyForDeploymentPostprocessing = 0;
		};
/* End PBXResourcesBuildPhase section */

/* Begin PBXSourcesBuildPhase section */
		4893C5A42D2883FE002D8C10 /* Sources */ = {
			isa = PBXSourcesBuildPhase;
			buildActionMask = 2147483647;
			files = (
				48DC8A882D69D77700C017A4 /* DIContainer.swift in Sources */,
			);
			runOnlyForDeploymentPostprocessing = 0;
		};
		4893C5B62D288401002D8C10 /* Sources */ = {
			isa = PBXSourcesBuildPhase;
			buildActionMask = 2147483647;
			files = (
			);
			runOnlyForDeploymentPostprocessing = 0;
		};
		4893C5C02D288401002D8C10 /* Sources */ = {
			isa = PBXSourcesBuildPhase;
			buildActionMask = 2147483647;
			files = (
			);
			runOnlyForDeploymentPostprocessing = 0;
		};
/* End PBXSourcesBuildPhase section */

/* Begin PBXTargetDependency section */
		4893C5BC2D288401002D8C10 /* PBXTargetDependency */ = {
			isa = PBXTargetDependency;
			target = 4893C5A72D2883FE002D8C10 /* WhatIAmToDo */;
			targetProxy = 4893C5BB2D288401002D8C10 /* PBXContainerItemProxy */;
		};
		4893C5C62D288401002D8C10 /* PBXTargetDependency */ = {
			isa = PBXTargetDependency;
			target = 4893C5A72D2883FE002D8C10 /* WhatIAmToDo */;
			targetProxy = 4893C5C52D288401002D8C10 /* PBXContainerItemProxy */;
		};
/* End PBXTargetDependency section */

/* Begin XCBuildConfiguration section */
		4893C5CC2D288401002D8C10 /* Debug */ = {
			isa = XCBuildConfiguration;
			buildSettings = {
				ALWAYS_SEARCH_USER_PATHS = NO;
				ASSETCATALOG_COMPILER_GENERATE_SWIFT_ASSET_SYMBOL_EXTENSIONS = YES;
				CLANG_ANALYZER_NONNULL = YES;
				CLANG_ANALYZER_NUMBER_OBJECT_CONVERSION = YES_AGGRESSIVE;
				CLANG_CXX_LANGUAGE_STANDARD = "gnu++20";
				CLANG_ENABLE_MODULES = YES;
				CLANG_ENABLE_OBJC_ARC = YES;
				CLANG_ENABLE_OBJC_WEAK = YES;
				CLANG_WARN_BLOCK_CAPTURE_AUTORELEASING = YES;
				CLANG_WARN_BOOL_CONVERSION = YES;
				CLANG_WARN_COMMA = YES;
				CLANG_WARN_CONSTANT_CONVERSION = YES;
				CLANG_WARN_DEPRECATED_OBJC_IMPLEMENTATIONS = YES;
				CLANG_WARN_DIRECT_OBJC_ISA_USAGE = YES_ERROR;
				CLANG_WARN_DOCUMENTATION_COMMENTS = YES;
				CLANG_WARN_EMPTY_BODY = YES;
				CLANG_WARN_ENUM_CONVERSION = YES;
				CLANG_WARN_INFINITE_RECURSION = YES;
				CLANG_WARN_INT_CONVERSION = YES;
				CLANG_WARN_NON_LITERAL_NULL_CONVERSION = YES;
				CLANG_WARN_OBJC_IMPLICIT_RETAIN_SELF = YES;
				CLANG_WARN_OBJC_LITERAL_CONVERSION = YES;
				CLANG_WARN_OBJC_ROOT_CLASS = YES_ERROR;
				CLANG_WARN_QUOTED_INCLUDE_IN_FRAMEWORK_HEADER = YES;
				CLANG_WARN_RANGE_LOOP_ANALYSIS = YES;
				CLANG_WARN_STRICT_PROTOTYPES = YES;
				CLANG_WARN_SUSPICIOUS_MOVE = YES;
				CLANG_WARN_UNGUARDED_AVAILABILITY = YES_AGGRESSIVE;
				CLANG_WARN_UNREACHABLE_CODE = YES;
				CLANG_WARN__DUPLICATE_METHOD_MATCH = YES;
				COPY_PHASE_STRIP = NO;
				DEBUG_INFORMATION_FORMAT = dwarf;
				ENABLE_STRICT_OBJC_MSGSEND = YES;
				ENABLE_TESTABILITY = YES;
				ENABLE_USER_SCRIPT_SANDBOXING = YES;
				GCC_C_LANGUAGE_STANDARD = gnu17;
				GCC_DYNAMIC_NO_PIC = NO;
				GCC_NO_COMMON_BLOCKS = YES;
				GCC_OPTIMIZATION_LEVEL = 0;
				GCC_PREPROCESSOR_DEFINITIONS = (
					"DEBUG=1",
					"$(inherited)",
				);
				GCC_WARN_64_TO_32_BIT_CONVERSION = YES;
				GCC_WARN_ABOUT_RETURN_TYPE = YES_ERROR;
				GCC_WARN_UNDECLARED_SELECTOR = YES;
				GCC_WARN_UNINITIALIZED_AUTOS = YES_AGGRESSIVE;
				GCC_WARN_UNUSED_FUNCTION = YES;
				GCC_WARN_UNUSED_VARIABLE = YES;
				INFOPLIST_KEY_UILaunchScreen_Generation = YES;
				INFOPLIST_KEY_UILaunchStoryboardName = "";
				"INFOPLIST_KEY_UILaunchStoryboardName[sdk=*]" = LaunchScreen.storyboard;
				IPHONEOS_DEPLOYMENT_TARGET = 16.6;
				LOCALIZATION_PREFERS_STRING_CATALOGS = YES;
				MTL_ENABLE_DEBUG_INFO = INCLUDE_SOURCE;
				MTL_FAST_MATH = YES;
				ONLY_ACTIVE_ARCH = YES;
				SDKROOT = iphoneos;
				SWIFT_ACTIVE_COMPILATION_CONDITIONS = "DEBUG $(inherited)";
				SWIFT_EMIT_LOC_STRINGS = YES;
				SWIFT_OPTIMIZATION_LEVEL = "-Onone";
			};
			name = Debug;
		};
		4893C5CD2D288401002D8C10 /* Release */ = {
			isa = XCBuildConfiguration;
			buildSettings = {
				ALWAYS_SEARCH_USER_PATHS = NO;
				ASSETCATALOG_COMPILER_GENERATE_SWIFT_ASSET_SYMBOL_EXTENSIONS = YES;
				CLANG_ANALYZER_NONNULL = YES;
				CLANG_ANALYZER_NUMBER_OBJECT_CONVERSION = YES_AGGRESSIVE;
				CLANG_CXX_LANGUAGE_STANDARD = "gnu++20";
				CLANG_ENABLE_MODULES = YES;
				CLANG_ENABLE_OBJC_ARC = YES;
				CLANG_ENABLE_OBJC_WEAK = YES;
				CLANG_WARN_BLOCK_CAPTURE_AUTORELEASING = YES;
				CLANG_WARN_BOOL_CONVERSION = YES;
				CLANG_WARN_COMMA = YES;
				CLANG_WARN_CONSTANT_CONVERSION = YES;
				CLANG_WARN_DEPRECATED_OBJC_IMPLEMENTATIONS = YES;
				CLANG_WARN_DIRECT_OBJC_ISA_USAGE = YES_ERROR;
				CLANG_WARN_DOCUMENTATION_COMMENTS = YES;
				CLANG_WARN_EMPTY_BODY = YES;
				CLANG_WARN_ENUM_CONVERSION = YES;
				CLANG_WARN_INFINITE_RECURSION = YES;
				CLANG_WARN_INT_CONVERSION = YES;
				CLANG_WARN_NON_LITERAL_NULL_CONVERSION = YES;
				CLANG_WARN_OBJC_IMPLICIT_RETAIN_SELF = YES;
				CLANG_WARN_OBJC_LITERAL_CONVERSION = YES;
				CLANG_WARN_OBJC_ROOT_CLASS = YES_ERROR;
				CLANG_WARN_QUOTED_INCLUDE_IN_FRAMEWORK_HEADER = YES;
				CLANG_WARN_RANGE_LOOP_ANALYSIS = YES;
				CLANG_WARN_STRICT_PROTOTYPES = YES;
				CLANG_WARN_SUSPICIOUS_MOVE = YES;
				CLANG_WARN_UNGUARDED_AVAILABILITY = YES_AGGRESSIVE;
				CLANG_WARN_UNREACHABLE_CODE = YES;
				CLANG_WARN__DUPLICATE_METHOD_MATCH = YES;
				COPY_PHASE_STRIP = NO;
				DEBUG_INFORMATION_FORMAT = "dwarf-with-dsym";
				ENABLE_NS_ASSERTIONS = NO;
				ENABLE_STRICT_OBJC_MSGSEND = YES;
				ENABLE_USER_SCRIPT_SANDBOXING = YES;
				GCC_C_LANGUAGE_STANDARD = gnu17;
				GCC_NO_COMMON_BLOCKS = YES;
				GCC_WARN_64_TO_32_BIT_CONVERSION = YES;
				GCC_WARN_ABOUT_RETURN_TYPE = YES_ERROR;
				GCC_WARN_UNDECLARED_SELECTOR = YES;
				GCC_WARN_UNINITIALIZED_AUTOS = YES_AGGRESSIVE;
				GCC_WARN_UNUSED_FUNCTION = YES;
				GCC_WARN_UNUSED_VARIABLE = YES;
				INFOPLIST_KEY_UILaunchScreen_Generation = YES;
				IPHONEOS_DEPLOYMENT_TARGET = 16.6;
				LOCALIZATION_PREFERS_STRING_CATALOGS = YES;
				MTL_ENABLE_DEBUG_INFO = NO;
				MTL_FAST_MATH = YES;
				SDKROOT = iphoneos;
				SWIFT_COMPILATION_MODE = wholemodule;
				SWIFT_EMIT_LOC_STRINGS = YES;
				VALIDATE_PRODUCT = YES;
			};
			name = Release;
		};
		4893C5CF2D288401002D8C10 /* Debug */ = {
			isa = XCBuildConfiguration;
			buildSettings = {
				ASSETCATALOG_COMPILER_APPICON_NAME = AppIcon;
				ASSETCATALOG_COMPILER_GLOBAL_ACCENT_COLOR_NAME = AccentColor;
				CODE_SIGN_STYLE = Automatic;
				CURRENT_PROJECT_VERSION = 1;
				DEVELOPMENT_ASSET_PATHS = "\"WhatIAmToDo/Preview Content\"";
				DEVELOPMENT_TEAM = 7Q94L4HLT8;
				ENABLE_PREVIEWS = YES;
				GENERATE_INFOPLIST_FILE = YES;
				INFOPLIST_FILE = WhatIAmToDo/Info.plist;
				INFOPLIST_KEY_UIApplicationSceneManifest_Generation = YES;
				INFOPLIST_KEY_UIApplicationSupportsIndirectInputEvents = YES;
				INFOPLIST_KEY_UISupportedInterfaceOrientations = UIInterfaceOrientationPortrait;
				LD_RUNPATH_SEARCH_PATHS = (
					"$(inherited)",
					"@executable_path/Frameworks",
				);
				MARKETING_VERSION = 1.0;
				PRODUCT_BUNDLE_IDENTIFIER = prettycrewcut.WhatIAmToDo;
				PRODUCT_NAME = "$(TARGET_NAME)";
				SWIFT_EMIT_LOC_STRINGS = YES;
				SWIFT_VERSION = 5.0;
				TARGETED_DEVICE_FAMILY = "1,2";
			};
			name = Debug;
		};
		4893C5D02D288401002D8C10 /* Release */ = {
			isa = XCBuildConfiguration;
			buildSettings = {
				ASSETCATALOG_COMPILER_APPICON_NAME = AppIcon;
				ASSETCATALOG_COMPILER_GLOBAL_ACCENT_COLOR_NAME = AccentColor;
				CODE_SIGN_STYLE = Automatic;
				CURRENT_PROJECT_VERSION = 1;
				DEVELOPMENT_ASSET_PATHS = "\"WhatIAmToDo/Preview Content\"";
				DEVELOPMENT_TEAM = 7Q94L4HLT8;
				ENABLE_PREVIEWS = YES;
				GENERATE_INFOPLIST_FILE = YES;
				INFOPLIST_FILE = WhatIAmToDo/Info.plist;
				INFOPLIST_KEY_UIApplicationSceneManifest_Generation = YES;
				INFOPLIST_KEY_UIApplicationSupportsIndirectInputEvents = YES;
				INFOPLIST_KEY_UISupportedInterfaceOrientations = UIInterfaceOrientationPortrait;
				LD_RUNPATH_SEARCH_PATHS = (
					"$(inherited)",
					"@executable_path/Frameworks",
				);
				MARKETING_VERSION = 1.0;
				PRODUCT_BUNDLE_IDENTIFIER = prettycrewcut.WhatIAmToDo;
				PRODUCT_NAME = "$(TARGET_NAME)";
				SWIFT_EMIT_LOC_STRINGS = YES;
				SWIFT_VERSION = 5.0;
				TARGETED_DEVICE_FAMILY = "1,2";
			};
			name = Release;
		};
		4893C5D22D288401002D8C10 /* Debug */ = {
			isa = XCBuildConfiguration;
			buildSettings = {
				BUNDLE_LOADER = "$(TEST_HOST)";
				CODE_SIGN_STYLE = Automatic;
				CURRENT_PROJECT_VERSION = 1;
				DEVELOPMENT_TEAM = 7Q94L4HLT8;
				GENERATE_INFOPLIST_FILE = YES;
				IPHONEOS_DEPLOYMENT_TARGET = 18.1;
				MARKETING_VERSION = 1.0;
				PRODUCT_BUNDLE_IDENTIFIER = prettycrewcut.WhatIAmToDoTests;
				PRODUCT_NAME = "$(TARGET_NAME)";
				SWIFT_EMIT_LOC_STRINGS = NO;
				SWIFT_VERSION = 5.0;
				TARGETED_DEVICE_FAMILY = "1,2";
				TEST_HOST = "$(BUILT_PRODUCTS_DIR)/WhatIAmToDo.app/$(BUNDLE_EXECUTABLE_FOLDER_PATH)/WhatIAmToDo";
			};
			name = Debug;
		};
		4893C5D32D288401002D8C10 /* Release */ = {
			isa = XCBuildConfiguration;
			buildSettings = {
				BUNDLE_LOADER = "$(TEST_HOST)";
				CODE_SIGN_STYLE = Automatic;
				CURRENT_PROJECT_VERSION = 1;
				DEVELOPMENT_TEAM = 7Q94L4HLT8;
				GENERATE_INFOPLIST_FILE = YES;
				IPHONEOS_DEPLOYMENT_TARGET = 18.1;
				MARKETING_VERSION = 1.0;
				PRODUCT_BUNDLE_IDENTIFIER = prettycrewcut.WhatIAmToDoTests;
				PRODUCT_NAME = "$(TARGET_NAME)";
				SWIFT_EMIT_LOC_STRINGS = NO;
				SWIFT_VERSION = 5.0;
				TARGETED_DEVICE_FAMILY = "1,2";
				TEST_HOST = "$(BUILT_PRODUCTS_DIR)/WhatIAmToDo.app/$(BUNDLE_EXECUTABLE_FOLDER_PATH)/WhatIAmToDo";
			};
			name = Release;
		};
		4893C5D52D288401002D8C10 /* Debug */ = {
			isa = XCBuildConfiguration;
			buildSettings = {
				CODE_SIGN_STYLE = Automatic;
				CURRENT_PROJECT_VERSION = 1;
				DEVELOPMENT_TEAM = 7Q94L4HLT8;
				GENERATE_INFOPLIST_FILE = YES;
				MARKETING_VERSION = 1.0;
				PRODUCT_BUNDLE_IDENTIFIER = prettycrewcut.WhatIAmToDoUITests;
				PRODUCT_NAME = "$(TARGET_NAME)";
				SWIFT_EMIT_LOC_STRINGS = NO;
				SWIFT_VERSION = 5.0;
				TARGETED_DEVICE_FAMILY = "1,2";
				TEST_TARGET_NAME = WhatIAmToDo;
			};
			name = Debug;
		};
		4893C5D62D288401002D8C10 /* Release */ = {
			isa = XCBuildConfiguration;
			buildSettings = {
				CODE_SIGN_STYLE = Automatic;
				CURRENT_PROJECT_VERSION = 1;
				DEVELOPMENT_TEAM = 7Q94L4HLT8;
				GENERATE_INFOPLIST_FILE = YES;
				MARKETING_VERSION = 1.0;
				PRODUCT_BUNDLE_IDENTIFIER = prettycrewcut.WhatIAmToDoUITests;
				PRODUCT_NAME = "$(TARGET_NAME)";
				SWIFT_EMIT_LOC_STRINGS = NO;
				SWIFT_VERSION = 5.0;
				TARGETED_DEVICE_FAMILY = "1,2";
				TEST_TARGET_NAME = WhatIAmToDo;
			};
			name = Release;
		};
/* End XCBuildConfiguration section */

/* Begin XCConfigurationList section */
		4893C5A32D2883FE002D8C10 /* Build configuration list for PBXProject "WhatIAmToDo" */ = {
			isa = XCConfigurationList;
			buildConfigurations = (
				4893C5CC2D288401002D8C10 /* Debug */,
				4893C5CD2D288401002D8C10 /* Release */,
			);
			defaultConfigurationIsVisible = 0;
			defaultConfigurationName = Release;
		};
		4893C5CE2D288401002D8C10 /* Build configuration list for PBXNativeTarget "WhatIAmToDo" */ = {
			isa = XCConfigurationList;
			buildConfigurations = (
				4893C5CF2D288401002D8C10 /* Debug */,
				4893C5D02D288401002D8C10 /* Release */,
			);
			defaultConfigurationIsVisible = 0;
			defaultConfigurationName = Release;
		};
		4893C5D12D288401002D8C10 /* Build configuration list for PBXNativeTarget "WhatIAmToDoTests" */ = {
			isa = XCConfigurationList;
			buildConfigurations = (
				4893C5D22D288401002D8C10 /* Debug */,
				4893C5D32D288401002D8C10 /* Release */,
			);
			defaultConfigurationIsVisible = 0;
			defaultConfigurationName = Release;
		};
		4893C5D42D288401002D8C10 /* Build configuration list for PBXNativeTarget "WhatIAmToDoUITests" */ = {
			isa = XCConfigurationList;
			buildConfigurations = (
				4893C5D52D288401002D8C10 /* Debug */,
				4893C5D62D288401002D8C10 /* Release */,
			);
			defaultConfigurationIsVisible = 0;
			defaultConfigurationName = Release;
		};
/* End XCConfigurationList section */

/* Begin XCRemoteSwiftPackageReference section */
		488ACDFA2D2A9B8C0086AE8A /* XCRemoteSwiftPackageReference "lottie-spm" */ = {
			isa = XCRemoteSwiftPackageReference;
			repositoryURL = "https://github.com/airbnb/lottie-spm.git";
			requirement = {
				kind = upToNextMajorVersion;
				minimumVersion = 4.5.1;
			};
		};
/* End XCRemoteSwiftPackageReference section */

/* Begin XCSwiftPackageProductDependency section */
		488ACDFB2D2A9B8C0086AE8A /* Lottie */ = {
			isa = XCSwiftPackageProductDependency;
			package = 488ACDFA2D2A9B8C0086AE8A /* XCRemoteSwiftPackageReference "lottie-spm" */;
			productName = Lottie;
		};
/* End XCSwiftPackageProductDependency section */
	};
	rootObject = 4893C5A02D2883FE002D8C10 /* Project object */;
}
